
Microsoft Visual Studio Solution File, Format Version 12.00
# Visual Studio Version 17
VisualStudioVersion = 17.8.34330.188
MinimumVisualStudioVersion = 10.0.40219.1
Project("{FAE04EC0-301F-11D3-BF4B-00C04F79EFBC}") = "Bhaskara", "Bhaskara\Bhaskara.csproj", "{10CECDC8-F082-435F-BCE7-3BBFCCCC2BD9}"
EndProject
Project("{FAE04EC0-301F-11D3-BF4B-00C04F79EFBC}") = "TesteBhaskara", "TesteBhaskara\TesteBhaskara.csproj", "{78F2426A-E5A0-4513-9472-F3B6F80D81B8}"
EndProject
Global
	GlobalSection(SolutionConfigurationPlatforms) = preSolution
		Debug|Any CPU = Debug|Any CPU
		Release|Any CPU = Release|Any CPU
	EndGlobalSection
	GlobalSection(ProjectConfigurationPlatforms) = postSolution
		{10CECDC8-F082-435F-BCE7-3BBFCCCC2BD9}.Debug|Any CPU.ActiveCfg = Debug|Any CPU
		{10CECDC8-F082-435F-BCE7-3BBFCCCC2BD9}.Debug|Any CPU.Build.0 = Debug|Any CPU
		{10CECDC8-F082-435F-BCE7-3BBFCCCC2BD9}.Release|Any CPU.ActiveCfg = Release|Any CPU
		{10CECDC8-F082-435F-BCE7-3BBFCCCC2BD9}.Release|Any CPU.Build.0 = Release|Any CPU
		{78F2426A-E5A0-4513-9472-F3B6F80D81B8}.Debug|Any CPU.ActiveCfg = Debug|Any CPU
		{78F2426A-E5A0-4513-9472-F3B6F80D81B8}.Debug|Any CPU.Build.0 = Debug|Any CPU
		{78F2426A-E5A0-4513-9472-F3B6F80D81B8}.Release|Any CPU.ActiveCfg = Release|Any CPU
		{78F2426A-E5A0-4513-9472-F3B6F80D81B8}.Release|Any CPU.Build.0 = Release|Any CPU
	EndGlobalSection
	GlobalSection(SolutionProperties) = preSolution
		HideSolutionNode = FALSE
	EndGlobalSection
	GlobalSection(ExtensibilityGlobals) = postSolution
		SolutionGuid = {42D0B6B5-005A-4C72-BF3F-21CC8FAC6241}
	EndGlobalSection
EndGlobal
